
Microsoft Visual Studio Solution File, Format Version 12.00
# Visual Studio Version 17
VisualStudioVersion = 17.1.32407.343
MinimumVisualStudioVersion = 10.0.40219.1
Project("{FAE04EC0-301F-11D3-BF4B-00C04F79EFBC}") = "WCFService", "WCFService\WCFService.csproj", "{DBDD9062-F147-4F1A-BEC2-87048B5D6CCF}"
EndProject
Project("{FAE04EC0-301F-11D3-BF4B-00C04F79EFBC}") = "Client", "Client\Client.csproj", "{89D7FC9A-DEAF-4EE2-B246-D944E98FF2B9}"
EndProject
Project("{FAE04EC0-301F-11D3-BF4B-00C04F79EFBC}") = "DictionaryCreator", "DictionaryCreator\DictionaryCreator.csproj", "{7EBC2B29-1B16-446A-A7A7-1925D1220A52}"
EndProject
Global
	GlobalSection(SolutionConfigurationPlatforms) = preSolution
		Debug|Any CPU = Debug|Any CPU
		Release|Any CPU = Release|Any CPU
	EndGlobalSection
	GlobalSection(ProjectConfigurationPlatforms) = postSolution
		{DBDD9062-F147-4F1A-BEC2-87048B5D6CCF}.Debug|Any CPU.ActiveCfg = Debug|Any CPU
		{DBDD9062-F147-4F1A-BEC2-87048B5D6CCF}.Debug|Any CPU.Build.0 = Debug|Any CPU
		{DBDD9062-F147-4F1A-BEC2-87048B5D6CCF}.Release|Any CPU.ActiveCfg = Release|Any CPU
		{DBDD9062-F147-4F1A-BEC2-87048B5D6CCF}.Release|Any CPU.Build.0 = Release|Any CPU
		{89D7FC9A-DEAF-4EE2-B246-D944E98FF2B9}.Debug|Any CPU.ActiveCfg = Debug|Any CPU
		{89D7FC9A-DEAF-4EE2-B246-D944E98FF2B9}.Debug|Any CPU.Build.0 = Debug|Any CPU
		{89D7FC9A-DEAF-4EE2-B246-D944E98FF2B9}.Release|Any CPU.ActiveCfg = Release|Any CPU
		{89D7FC9A-DEAF-4EE2-B246-D944E98FF2B9}.Release|Any CPU.Build.0 = Release|Any CPU
		{7EBC2B29-1B16-446A-A7A7-1925D1220A52}.Debug|Any CPU.ActiveCfg = Debug|Any CPU
		{7EBC2B29-1B16-446A-A7A7-1925D1220A52}.Debug|Any CPU.Build.0 = Debug|Any CPU
		{7EBC2B29-1B16-446A-A7A7-1925D1220A52}.Release|Any CPU.ActiveCfg = Release|Any CPU
		{7EBC2B29-1B16-446A-A7A7-1925D1220A52}.Release|Any CPU.Build.0 = Release|Any CPU
	EndGlobalSection
	GlobalSection(SolutionProperties) = preSolution
		HideSolutionNode = FALSE
	EndGlobalSection
	GlobalSection(ExtensibilityGlobals) = postSolution
		SolutionGuid = {F1C4F99B-BDC1-4FDB-9507-B886C2F8E21B}
	EndGlobalSection
EndGlobal
